
Microsoft Visual Studio Solution File, Format Version 12.00
# Visual Studio Version 17
VisualStudioVersion = 17.13.35919.96 d17.13
MinimumVisualStudioVersion = 10.0.40219.1
Project("{FAE04EC0-301F-11D3-BF4B-00C04F79EFBC}") = "OOP_LAB_04", "OOP_LAB_04.csproj", "{6FDCD2CA-CCD4-4EC8-B284-B71556E48670}"
EndProject
Global
	GlobalSection(SolutionConfigurationPlatforms) = preSolution
		Debug|Any CPU = Debug|Any CPU
		Release|Any CPU = Release|Any CPU
	EndGlobalSection
	GlobalSection(ProjectConfigurationPlatforms) = postSolution
		{6FDCD2CA-CCD4-4EC8-B284-B71556E48670}.Debug|Any CPU.ActiveCfg = Debug|Any CPU
		{6FDCD2CA-CCD4-4EC8-B284-B71556E48670}.Debug|Any CPU.Build.0 = Debug|Any CPU
		{6FDCD2CA-CCD4-4EC8-B284-B71556E48670}.Release|Any CPU.ActiveCfg = Release|Any CPU
		{6FDCD2CA-CCD4-4EC8-B284-B71556E48670}.Release|Any CPU.Build.0 = Release|Any CPU
	EndGlobalSection
	GlobalSection(SolutionProperties) = preSolution
		HideSolutionNode = FALSE
	EndGlobalSection
	GlobalSection(ExtensibilityGlobals) = postSolution
		SolutionGuid = {0FDE68C8-B7B7-46D2-9FD4-08AFEA0D5CA3}
	EndGlobalSection
EndGlobal
